
Microsoft Visual Studio Solution File, Format Version 12.00
# Visual Studio Version 17
VisualStudioVersion = 17.13.35825.156
MinimumVisualStudioVersion = 10.0.40219.1
Project("{FAE04EC0-301F-11D3-BF4B-00C04F79EFBC}") = "ödev", "ödev\ödev.csproj", "{F17A7403-83D9-4002-AA6A-35A655425606}"
EndProject
Global
	GlobalSection(SolutionConfigurationPlatforms) = preSolution
		Debug|Any CPU = Debug|Any CPU
		Release|Any CPU = Release|Any CPU
	EndGlobalSection
	GlobalSection(ProjectConfigurationPlatforms) = postSolution
		{F17A7403-83D9-4002-AA6A-35A655425606}.Debug|Any CPU.ActiveCfg = Debug|Any CPU
		{F17A7403-83D9-4002-AA6A-35A655425606}.Debug|Any CPU.Build.0 = Debug|Any CPU
		{F17A7403-83D9-4002-AA6A-35A655425606}.Release|Any CPU.ActiveCfg = Release|Any CPU
		{F17A7403-83D9-4002-AA6A-35A655425606}.Release|Any CPU.Build.0 = Release|Any CPU
	EndGlobalSection
	GlobalSection(SolutionProperties) = preSolution
		HideSolutionNode = FALSE
	EndGlobalSection
	GlobalSection(ExtensibilityGlobals) = postSolution
		SolutionGuid = {C6DF87FB-214F-4921-B5A5-75BA90764B12}
	EndGlobalSection
EndGlobal
